dependencies:
  espressif/esp-zboss-lib:
    component_hash: 11a05772e4eef80824c4400b773ead2777be2b038c4b7b13ab4985bd13ee623d
    dependencies:
    - name: idf
      registry_url: https://components.espressif.com
      require: private
      version: '>=5.0'
    source:
      registry_url: https://components.espressif.com/
      type: service
    version: 1.2.3
  espressif/esp-zigbee-lib:
    component_hash: b0c59518e72be7980f93580879d052f5b0fc8f20797ec1f111630435d320806e
    dependencies:
    - name: idf
      registry_url: https://components.espressif.com
      require: private
      version: '>=5.0'
    source:
      registry_url: https://components.espressif.com/
      type: service
    version: 1.2.3
  espressif/led_strip:
    component_hash: 7e92a0c8a2e35b40904f88e88ce3c0dffff504a2763f70fba7ef4787cf2eec83
    dependencies:
    - name: idf
      registry_url: https://components.espressif.com
      require: private
      version: '>=5.0'
    source:
      registry_url: https://components.espressif.com/
      type: service
    version: 2.0.0
  idf:
    source:
      type: idf
    version: 5.3.1
direct_dependencies:
- espressif/esp-zboss-lib
- espressif/esp-zigbee-lib
- espressif/led_strip
- idf
manifest_hash: 740aebbb63d3b3585e6a46a16acf75ac3fe23d79a82dae71aba43f50cf61fb4b
target: esp32h2
version: 2.0.0
